
Microsoft Visual Studio Solution File, Format Version 12.00
# Visual Studio Version 16
VisualStudioVersion = 16.0.31515.178
MinimumVisualStudioVersion = 10.0.40219.1
Project("{FAE04EC0-301F-11D3-BF4B-00C04F79EFBC}") = "WpfApp1", "WpfApp1\WpfApp1.csproj", "{FAFF7A0D-BC74-4A8E-9A6C-3D01D3A1C194}"
EndProject
Global
	GlobalSection(SolutionConfigurationPlatforms) = preSolution
		Debug|Any CPU = Debug|Any CPU
		Release|Any CPU = Release|Any CPU
	EndGlobalSection
	GlobalSection(ProjectConfigurationPlatforms) = postSolution
		{FAFF7A0D-BC74-4A8E-9A6C-3D01D3A1C194}.Debug|Any CPU.ActiveCfg = Debug|Any CPU
		{FAFF7A0D-BC74-4A8E-9A6C-3D01D3A1C194}.Debug|Any CPU.Build.0 = Debug|Any CPU
		{FAFF7A0D-BC74-4A8E-9A6C-3D01D3A1C194}.Release|Any CPU.ActiveCfg = Release|Any CPU
		{FAFF7A0D-BC74-4A8E-9A6C-3D01D3A1C194}.Release|Any CPU.Build.0 = Release|Any CPU
	EndGlobalSection
	GlobalSection(SolutionProperties) = preSolution
		HideSolutionNode = FALSE
	EndGlobalSection
	GlobalSection(ExtensibilityGlobals) = postSolution
		SolutionGuid = {7BAE503E-7240-402D-9718-8B4DCD40DB43}
	EndGlobalSection
EndGlobal
